// !$*UTF8*$!
{
	archiveVersion = 1;
	classes = {
	};
	objectVersion = 50;
	objects = {

/* Begin PBXBuildFile section */
		AD54DD572229153C00861F0F /* AppDelegate.m in Sources */ = {isa = PBXBuildFile; fileRef = AD54DD562229153C00861F0F /* AppDelegate.m */; };
		AD54DD5A2229153C00861F0F /* ViewController.m in Sources */ = {isa = PBXBuildFile; fileRef = AD54DD592229153C00861F0F /* ViewController.m */; };
		AD54DD5D2229153C00861F0F /* Main.storyboard in Resources */ = {isa = PBXBuildFile; fileRef = AD54DD5B2229153C00861F0F /* Main.storyboard */; };
		AD54DD5F2229154000861F0F /* Assets.xcassets in Resources */ = {isa = PBXBuildFile; fileRef = AD54DD5E2229154000861F0F /* Assets.xcassets */; };
		AD54DD622229154000861F0F /* LaunchScreen.storyboard in Resources */ = {isa = PBXBuildFile; fileRef = AD54DD602229154000861F0F /* LaunchScreen.storyboard */; };
		AD54DD652229154000861F0F /* main.m in Sources */ = {isa = PBXBuildFile; fileRef = AD54DD642229154000861F0F /* main.m */; };
		AD54DD692229154000861F0F /* bocYYwatch WatchKit App.app in Embed Watch Content */ = {isa = PBXBuildFile; fileRef = AD54DD682229154000861F0F /* bocYYwatch WatchKit App.app */; };
		AD54DD6F2229154000861F0F /* Interface.storyboard in Resources */ = {isa = PBXBuildFile; fileRef = AD54DD6D2229154000861F0F /* Interface.storyboard */; };
		AD54DD712229154100861F0F /* Assets.xcassets in Resources */ = {isa = PBXBuildFile; fileRef = AD54DD702229154100861F0F /* Assets.xcassets */; };
		AD54DD782229154100861F0F /* bocYYwatch WatchKit Extension.appex in Embed App Extensions */ = {isa = PBXBuildFile; fileRef = AD54DD772229154100861F0F /* bocYYwatch WatchKit Extension.appex */; settings = {ATTRIBUTES = (RemoveHeadersOnCopy, ); }; };
		AD54DD7E2229154100861F0F /* InterfaceController.m in Sources */ = {isa = PBXBuildFile; fileRef = AD54DD7D2229154100861F0F /* InterfaceController.m */; };
		AD54DD812229154100861F0F /* ExtensionDelegate.m in Sources */ = {isa = PBXBuildFile; fileRef = AD54DD802229154100861F0F /* ExtensionDelegate.m */; };
		AD54DD842229154100861F0F /* NotificationController.m in Sources */ = {isa = PBXBuildFile; fileRef = AD54DD832229154100861F0F /* NotificationController.m */; };
		AD54DD872229154100861F0F /* ComplicationController.m in Sources */ = {isa = PBXBuildFile; fileRef = AD54DD862229154100861F0F /* ComplicationController.m */; };
		AD54DD892229154200861F0F /* Assets.xcassets in Resources */ = {isa = PBXBuildFile; fileRef = AD54DD882229154200861F0F /* Assets.xcassets */; };
/* End PBXBuildFile section */

/* Begin PBXContainerItemProxy section */
		AD54DD6A2229154000861F0F /* PBXContainerItemProxy */ = {
			isa = PBXContainerItemProxy;
			containerPortal = AD54DD4A2229153C00861F0F /* Project object */;
			proxyType = 1;
			remoteGlobalIDString = AD54DD672229154000861F0F;
			remoteInfo = "bocYYwatch WatchKit App";
		};
		AD54DD792229154100861F0F /* PBXContainerItemProxy */ = {
			isa = PBXContainerItemProxy;
			containerPortal = AD54DD4A2229153C00861F0F /* Project object */;
			proxyType = 1;
			remoteGlobalIDString = AD54DD762229154100861F0F;
			remoteInfo = "bocYYwatch WatchKit Extension";
		};
/* End PBXContainerItemProxy section */

/* Begin PBXCopyFilesBuildPhase section */
		AD54DD912229154200861F0F /* Embed App Extensions */ = {
			isa = PBXCopyFilesBuildPhase;
			buildActionMask = 2147483647;
			dstPath = "";
			dstSubfolderSpec = 13;
			files = (
				AD54DD782229154100861F0F /* bocYYwatch WatchKit Extension.appex in Embed App Extensions */,
			);
			name = "Embed App Extensions";
			runOnlyForDeploymentPostprocessing = 0;
		};
		AD54DD952229154200861F0F /* Embed Watch Content */ = {
			isa = PBXCopyFilesBuildPhase;
			buildActionMask = 2147483647;
			dstPath = "$(CONTENTS_FOLDER_PATH)/Watch";
			dstSubfolderSpec = 16;
			files = (
				AD54DD692229154000861F0F /* bocYYwatch WatchKit App.app in Embed Watch Content */,
			);
			name = "Embed Watch Content";
			runOnlyForDeploymentPostprocessing = 0;
		};
/* End PBXCopyFilesBuildPhase section */

/* Begin PBXFileReference section */
		AD54DD522229153C00861F0F /* bocYYwatch.app */ = {isa = PBXFileReference; explicitFileType = wrapper.application; includeInIndex = 0; path = bocYYwatch.app; sourceTree = BUILT_PRODUCTS_DIR; };
		AD54DD552229153C00861F0F /* AppDelegate.h */ = {isa = PBXFileReference; lastKnownFileType = sourcecode.c.h; path = AppDelegate.h; sourceTree = "<group>"; };
		AD54DD562229153C00861F0F /* AppDelegate.m */ = {isa = PBXFileReference; lastKnownFileType = sourcecode.c.objc; path = AppDelegate.m; sourceTree = "<group>"; };
		AD54DD582229153C00861F0F /* ViewController.h */ = {isa = PBXFileReference; lastKnownFileType = sourcecode.c.h; path = ViewController.h; sourceTree = "<group>"; };
		AD54DD592229153C00861F0F /* ViewController.m */ = {isa = PBXFileReference; lastKnownFileType = sourcecode.c.objc; path = ViewController.m; sourceTree = "<group>"; };
		AD54DD5C2229153C00861F0F /* Base */ = {isa = PBXFileReference; lastKnownFileType = file.storyboard; name = Base; path = Base.lproj/Main.storyboard; sourceTree = "<group>"; };
		AD54DD5E2229154000861F0F /* Assets.xcassets */ = {isa = PBXFileReference; lastKnownFileType = folder.assetcatalog; path = Assets.xcassets; sourceTree = "<group>"; };
		AD54DD612229154000861F0F /* Base */ = {isa = PBXFileReference; lastKnownFileType = file.storyboard; name = Base; path = Base.lproj/LaunchScreen.storyboard; sourceTree = "<group>"; };
		AD54DD632229154000861F0F /* Info.plist */ = {isa = PBXFileReference; lastKnownFileType = text.plist.xml; path = Info.plist; sourceTree = "<group>"; };
		AD54DD642229154000861F0F /* main.m */ = {isa = PBXFileReference; lastKnownFileType = sourcecode.c.objc; path = main.m; sourceTree = "<group>"; };
		AD54DD682229154000861F0F /* bocYYwatch WatchKit App.app */ = {isa = PBXFileReference; explicitFileType = wrapper.application; includeInIndex = 0; path = "bocYYwatch WatchKit App.app"; sourceTree = BUILT_PRODUCTS_DIR; };
		AD54DD6E2229154000861F0F /* Base */ = {isa = PBXFileReference; lastKnownFileType = file.storyboard; name = Base; path = Base.lproj/Interface.storyboard; sourceTree = "<group>"; };
		AD54DD702229154100861F0F /* Assets.xcassets */ = {isa = PBXFileReference; lastKnownFileType = folder.assetcatalog; path = Assets.xcassets; sourceTree = "<group>"; };
		AD54DD722229154100861F0F /* Info.plist */ = {isa = PBXFileReference; lastKnownFileType = text.plist.xml; path = Info.plist; sourceTree = "<group>"; };
		AD54DD772229154100861F0F /* bocYYwatch WatchKit Extension.appex */ = {isa = PBXFileReference; explicitFileType = "wrapper.app-extension"; includeInIndex = 0; path = "bocYYwatch WatchKit Extension.appex"; sourceTree = BUILT_PRODUCTS_DIR; };
		AD54DD7C2229154100861F0F /* InterfaceController.h */ = {isa = PBXFileReference; lastKnownFileType = sourcecode.c.h; path = InterfaceController.h; sourceTree = "<group>"; };
		AD54DD7D2229154100861F0F /* InterfaceController.m */ = {isa = PBXFileReference; lastKnownFileType = sourcecode.c.objc; path = InterfaceController.m; sourceTree = "<group>"; };
		AD54DD7F2229154100861F0F /* ExtensionDelegate.h */ = {isa = PBXFileReference; lastKnownFileType = sourcecode.c.h; path = ExtensionDelegate.h; sourceTree = "<group>"; };
		AD54DD802229154100861F0F /* ExtensionDelegate.m */ = {isa = PBXFileReference; lastKnownFileType = sourcecode.c.objc; path = ExtensionDelegate.m; sourceTree = "<group>"; };
		AD54DD822229154100861F0F /* NotificationController.h */ = {isa = PBXFileReference; lastKnownFileType = sourcecode.c.h; path = NotificationController.h; sourceTree = "<group>"; };
		AD54DD832229154100861F0F /* NotificationController.m */ = {isa = PBXFileReference; lastKnownFileType = sourcecode.c.objc; path = NotificationController.m; sourceTree = "<group>"; };
		AD54DD852229154100861F0F /* ComplicationController.h */ = {isa = PBXFileReference; lastKnownFileType = sourcecode.c.h; path = ComplicationController.h; sourceTree = "<group>"; };
		AD54DD862229154100861F0F /* ComplicationController.m */ = {isa = PBXFileReference; lastKnownFileType = sourcecode.c.objc; path = ComplicationController.m; sourceTree = "<group>"; };
		AD54DD882229154200861F0F /* Assets.xcassets */ = {isa = PBXFileReference; lastKnownFileType = folder.assetcatalog; path = Assets.xcassets; sourceTree = "<group>"; };
		AD54DD8A2229154200861F0F /* Info.plist */ = {isa = PBXFileReference; lastKnownFileType = text.plist.xml; path = Info.plist; sourceTree = "<group>"; };
		AD54DD8B2229154200861F0F /* PushNotificationPayload.apns */ = {isa = PBXFileReference; lastKnownFileType = text; path = PushNotificationPayload.apns; sourceTree = "<group>"; };
/* End PBXFileReference section */

/* Begin PBXFrameworksBuildPhase section */
		AD54DD4F2229153C00861F0F /* Frameworks */ = {
			isa = PBXFrameworksBuildPhase;
			buildActionMask = 2147483647;
			files = (
			);
			runOnlyForDeploymentPostprocessing = 0;
		};
		AD54DD742229154100861F0F /* Frameworks */ = {
			isa = PBXFrameworksBuildPhase;
			buildActionMask = 2147483647;
			files = (
			);
			runOnlyForDeploymentPostprocessing = 0;
		};
/* End PBXFrameworksBuildPhase section */

/* Begin PBXGroup section */
		AD54DD492229153C00861F0F = {
			isa = PBXGroup;
			children = (
				AD54DD542229153C00861F0F /* bocYYwatch */,
				AD54DD6C2229154000861F0F /* bocYYwatch WatchKit App */,
				AD54DD7B2229154100861F0F /* bocYYwatch WatchKit Extension */,
				AD54DD532229153C00861F0F /* Products */,
			);
			sourceTree = "<group>";
		};
		AD54DD532229153C00861F0F /* Products */ = {
			isa = PBXGroup;
			children = (
				AD54DD522229153C00861F0F /* bocYYwatch.app */,
				AD54DD682229154000861F0F /* bocYYwatch WatchKit App.app */,
				AD54DD772229154100861F0F /* bocYYwatch WatchKit Extension.appex */,
			);
			name = Products;
			sourceTree = "<group>";
		};
		AD54DD542229153C00861F0F /* bocYYwatch */ = {
			isa = PBXGroup;
			children = (
				AD54DD552229153C00861F0F /* AppDelegate.h */,
				AD54DD562229153C00861F0F /* AppDelegate.m */,
				AD54DD582229153C00861F0F /* ViewController.h */,
				AD54DD592229153C00861F0F /* ViewController.m */,
				AD54DD5B2229153C00861F0F /* Main.storyboard */,
				AD54DD5E2229154000861F0F /* Assets.xcassets */,
				AD54DD602229154000861F0F /* LaunchScreen.storyboard */,
				AD54DD632229154000861F0F /* Info.plist */,
				AD54DD642229154000861F0F /* main.m */,
			);
			path = bocYYwatch;
			sourceTree = "<group>";
		};
		AD54DD6C2229154000861F0F /* bocYYwatch WatchKit App */ = {
			isa = PBXGroup;
			children = (
				AD54DD6D2229154000861F0F /* Interface.storyboard */,
				AD54DD702229154100861F0F /* Assets.xcassets */,
				AD54DD722229154100861F0F /* Info.plist */,
			);
			path = "bocYYwatch WatchKit App";
			sourceTree = "<group>";
		};
		AD54DD7B2229154100861F0F /* bocYYwatch WatchKit Extension */ = {
			isa = PBXGroup;
			children = (
				AD54DD7C2229154100861F0F /* InterfaceController.h */,
				AD54DD7D2229154100861F0F /* InterfaceController.m */,
				AD54DD7F2229154100861F0F /* ExtensionDelegate.h */,
				AD54DD802229154100861F0F /* ExtensionDelegate.m */,
				AD54DD822229154100861F0F /* NotificationController.h */,
				AD54DD832229154100861F0F /* NotificationController.m */,
				AD54DD852229154100861F0F /* ComplicationController.h */,
				AD54DD862229154100861F0F /* ComplicationController.m */,
				AD54DD882229154200861F0F /* Assets.xcassets */,
				AD54DD8A2229154200861F0F /* Info.plist */,
				AD54DD8B2229154200861F0F /* PushNotificationPayload.apns */,
			);
			path = "bocYYwatch WatchKit Extension";
			sourceTree = "<group>";
		};
/* End PBXGroup section */

/* Begin PBXNativeTarget section */
		AD54DD512229153C00861F0F /* bocYYwatch */ = {
			isa = PBXNativeTarget;
			buildConfigurationList = AD54DD962229154200861F0F /* Build configuration list for PBXNativeTarget "bocYYwatch" */;
			buildPhases = (
				AD54DD4E2229153C00861F0F /* Sources */,
				AD54DD4F2229153C00861F0F /* Frameworks */,
				AD54DD502229153C00861F0F /* Resources */,
				AD54DD952229154200861F0F /* Embed Watch Content */,
			);
			buildRules = (
			);
			dependencies = (
				AD54DD6B2229154000861F0F /* PBXTargetDependency */,
			);
			name = bocYYwatch;
			productName = bocYYwatch;
			productReference = AD54DD522229153C00861F0F /* bocYYwatch.app */;
			productType = "com.apple.product-type.application";
		};
		AD54DD672229154000861F0F /* bocYYwatch WatchKit App */ = {
			isa = PBXNativeTarget;
			buildConfigurationList = AD54DD922229154200861F0F /* Build configuration list for PBXNativeTarget "bocYYwatch WatchKit App" */;
			buildPhases = (
				AD54DD662229154000861F0F /* Resources */,
				AD54DD912229154200861F0F /* Embed App Extensions */,
			);
			buildRules = (
			);
			dependencies = (
				AD54DD7A2229154100861F0F /* PBXTargetDependency */,
			);
			name = "bocYYwatch WatchKit App";
			productName = "bocYYwatch WatchKit App";
			productReference = AD54DD682229154000861F0F /* bocYYwatch WatchKit App.app */;
			productType = "com.apple.product-type.application.watchapp2";
		};
		AD54DD762229154100861F0F /* bocYYwatch WatchKit Extension */ = {
			isa = PBXNativeTarget;
			buildConfigurationList = AD54DD8E2229154200861F0F /* Build configuration list for PBXNativeTarget "bocYYwatch WatchKit Extension" */;
			buildPhases = (
				AD54DD732229154100861F0F /* Sources */,
				AD54DD742229154100861F0F /* Frameworks */,
				AD54DD752229154100861F0F /* Resources */,
			);
			buildRules = (
			);
			dependencies = (
			);
			name = "bocYYwatch WatchKit Extension";
			productName = "bocYYwatch WatchKit Extension";
			productReference = AD54DD772229154100861F0F /* bocYYwatch WatchKit Extension.appex */;
			productType = "com.apple.product-type.watchkit2-extension";
		};
/* End PBXNativeTarget section */

/* Begin PBXProject section */
		AD54DD4A2229153C00861F0F /* Project object */ = {
			isa = PBXProject;
			attributes = {
				LastUpgradeCheck = 1010;
				ORGANIZATIONNAME = boc.my8159;
				TargetAttributes = {
					AD54DD512229153C00861F0F = {
						CreatedOnToolsVersion = 10.1;
					};
					AD54DD672229154000861F0F = {
						CreatedOnToolsVersion = 10.1;
					};
					AD54DD762229154100861F0F = {
						CreatedOnToolsVersion = 10.1;
					};
				};
			};
			buildConfigurationList = AD54DD4D2229153C00861F0F /* Build configuration list for PBXProject "bocYYwatch" */;
			compatibilityVersion = "Xcode 9.3";
			developmentRegion = en;
			hasScannedForEncodings = 0;
			knownRegions = (
				en,
				Base,
			);
			mainGroup = AD54DD492229153C00861F0F;
			productRefGroup = AD54DD532229153C00861F0F /* Products */;
			projectDirPath = "";
			projectRoot = "";
			targets = (
				AD54DD512229153C00861F0F /* bocYYwatch */,
				AD54DD672229154000861F0F /* bocYYwatch WatchKit App */,
				AD54DD762229154100861F0F /* bocYYwatch WatchKit Extension */,
			);
		};
/* End PBXProject section */

/* Begin PBXResourcesBuildPhase section */
		AD54DD502229153C00861F0F /* Resources */ = {
			isa = PBXResourcesBuildPhase;
			buildActionMask = 2147483647;
			files = (
				AD54DD622229154000861F0F /* LaunchScreen.storyboard in Resources */,
				AD54DD5F2229154000861F0F /* Assets.xcassets in Resources */,
				AD54DD5D2229153C00861F0F /* Main.storyboard in Resources */,
			);
			runOnlyForDeploymentPostprocessing = 0;
		};
		AD54DD662229154000861F0F /* Resources */ = {
			isa = PBXResourcesBuildPhase;
			buildActionMask = 2147483647;
			files = (
				AD54DD712229154100861F0F /* Assets.xcassets in Resources */,
				AD54DD6F2229154000861F0F /* Interface.storyboard in Resources */,
			);
			runOnlyForDeploymentPostprocessing = 0;
		};
		AD54DD752229154100861F0F /* Resources */ = {
			isa = PBXResourcesBuildPhase;
			buildActionMask = 2147483647;
			files = (
				AD54DD892229154200861F0F /* Assets.xcassets in Resources */,
			);
			runOnlyForDeploymentPostprocessing = 0;
		};
/* End PBXResourcesBuildPhase section */

/* Begin PBXSourcesBuildPhase section */
		AD54DD4E2229153C00861F0F /* Sources */ = {
			isa = PBXSourcesBuildPhase;
			buildActionMask = 2147483647;
			files = (
				AD54DD5A2229153C00861F0F /* ViewController.m in Sources */,
				AD54DD652229154000861F0F /* main.m in Sources */,
				AD54DD572229153C00861F0F /* AppDelegate.m in Sources */,
			);
			runOnlyForDeploymentPostprocessing = 0;
		};
		AD54DD732229154100861F0F /* Sources */ = {
			isa = PBXSourcesBuildPhase;
			buildActionMask = 2147483647;
			files = (
				AD54DD812229154100861F0F /* ExtensionDelegate.m in Sources */,
				AD54DD872229154100861F0F /* ComplicationController.m in Sources */,
				AD54DD7E2229154100861F0F /* InterfaceController.m in Sources */,
				AD54DD842229154100861F0F /* NotificationController.m in Sources */,
			);
			runOnlyForDeploymentPostprocessing = 0;
		};
/* End PBXSourcesBuildPhase section */

/* Begin PBXTargetDependency section */
		AD54DD6B2229154000861F0F /* PBXTargetDependency */ = {
			isa = PBXTargetDependency;
			target = AD54DD672229154000861F0F /* bocYYwatch WatchKit App */;
			targetProxy = AD54DD6A2229154000861F0F /* PBXContainerItemProxy */;
		};
		AD54DD7A2229154100861F0F /* PBXTargetDependency */ = {
			isa = PBXTargetDependency;
			target = AD54DD762229154100861F0F /* bocYYwatch WatchKit Extension */;
			targetProxy = AD54DD792229154100861F0F /* PBXContainerItemProxy */;
		};
/* End PBXTargetDependency section */

/* Begin PBXVariantGroup section */
		AD54DD5B2229153C00861F0F /* Main.storyboard */ = {
			isa = PBXVariantGroup;
			children = (
				AD54DD5C2229153C00861F0F /* Base */,
			);
			name = Main.storyboard;
			sourceTree = "<group>";
		};
		AD54DD602229154000861F0F /* LaunchScreen.storyboard */ = {
			isa = PBXVariantGroup;
			children = (
				AD54DD612229154000861F0F /* Base */,
			);
			name = LaunchScreen.storyboard;
			sourceTree = "<group>";
		};
		AD54DD6D2229154000861F0F /* Interface.storyboard */ = {
			isa = PBXVariantGroup;
			children = (
				AD54DD6E2229154000861F0F /* Base */,
			);
			name = Interface.storyboard;
			sourceTree = "<group>";
		};
/* End PBXVariantGroup section */

/* Begin XCBuildConfiguration section */
		AD54DD8C2229154200861F0F /* Debug */ = {
			isa = XCBuildConfiguration;
			buildSettings = {
				ALWAYS_SEARCH_USER_PATHS = NO;
				CLANG_ANALYZER_NONNULL = YES;
				CLANG_ANALYZER_NUMBER_OBJECT_CONVERSION = YES_AGGRESSIVE;
				CLANG_CXX_LANGUAGE_STANDARD = "gnu++14";
				CLANG_CXX_LIBRARY = "libc++";
				CLANG_ENABLE_MODULES = YES;
				CLANG_ENABLE_OBJC_ARC = YES;
				CLANG_ENABLE_OBJC_WEAK = YES;
				CLANG_WARN_BLOCK_CAPTURE_AUTORELEASING = YES;
				CLANG_WARN_BOOL_CONVERSION = YES;
				CLANG_WARN_COMMA = YES;
				CLANG_WARN_CONSTANT_CONVERSION = YES;
				CLANG_WARN_DEPRECATED_OBJC_IMPLEMENTATIONS = YES;
				CLANG_WARN_DIRECT_OBJC_ISA_USAGE = YES_ERROR;
				CLANG_WARN_DOCUMENTATION_COMMENTS = YES;
				CLANG_WARN_EMPTY_BODY = YES;
				CLANG_WARN_ENUM_CONVERSION = YES;
				CLANG_WARN_INFINITE_RECURSION = YES;
				CLANG_WARN_INT_CONVERSION = YES;
				CLANG_WARN_NON_LITERAL_NULL_CONVERSION = YES;
				CLANG_WARN_OBJC_IMPLICIT_RETAIN_SELF = YES;
				CLANG_WARN_OBJC_LITERAL_CONVERSION = YES;
				CLANG_WARN_OBJC_ROOT_CLASS = YES_ERROR;
				CLANG_WARN_RANGE_LOOP_ANALYSIS = YES;
				CLANG_WARN_STRICT_PROTOTYPES = YES;
				CLANG_WARN_SUSPICIOUS_MOVE = YES;
				CLANG_WARN_UNGUARDED_AVAILABILITY = YES_AGGRESSIVE;
				CLANG_WARN_UNREACHABLE_CODE = YES;
				CLANG_WARN__DUPLICATE_METHOD_MATCH = YES;
				CODE_SIGN_IDENTITY = "iPhone Developer";
				COPY_PHASE_STRIP = NO;
				DEBUG_INFORMATION_FORMAT = dwarf;
				ENABLE_STRICT_OBJC_MSGSEND = YES;
				ENABLE_TESTABILITY = YES;
				GCC_C_LANGUAGE_STANDARD = gnu11;
				GCC_DYNAMIC_NO_PIC = NO;
				GCC_NO_COMMON_BLOCKS = YES;
				GCC_OPTIMIZATION_LEVEL = 0;
				GCC_PREPROCESSOR_DEFINITIONS = (
					"DEBUG=1",
					"$(inherited)",
				);
				GCC_WARN_64_TO_32_BIT_CONVERSION = YES;
				GCC_WARN_ABOUT_RETURN_TYPE = YES_ERROR;
				GCC_WARN_UNDECLARED_SELECTOR = YES;
				GCC_WARN_UNINITIALIZED_AUTOS = YES_AGGRESSIVE;
				GCC_WARN_UNUSED_FUNCTION = YES;
				GCC_WARN_UNUSED_VARIABLE = YES;
				IPHONEOS_DEPLOYMENT_TARGET = 12.1;
				MTL_ENABLE_DEBUG_INFO = INCLUDE_SOURCE;
				MTL_FAST_MATH = YES;
				ONLY_ACTIVE_ARCH = YES;
				SDKROOT = iphoneos;
			};
			name = Debug;
		};
		AD54DD8D2229154200861F0F /* Release */ = {
			isa = XCBuildConfiguration;
			buildSettings = {
				ALWAYS_SEARCH_USER_PATHS = NO;
				CLANG_ANALYZER_NONNULL = YES;
				CLANG_ANALYZER_NUMBER_OBJECT_CONVERSION = YES_AGGRESSIVE;
				CLANG_CXX_LANGUAGE_STANDARD = "gnu++14";
				CLANG_CXX_LIBRARY = "libc++";
				CLANG_ENABLE_MODULES = YES;
				CLANG_ENABLE_OBJC_ARC = YES;
				CLANG_ENABLE_OBJC_WEAK = YES;
				CLANG_WARN_BLOCK_CAPTURE_AUTORELEASING = YES;
				CLANG_WARN_BOOL_CONVERSION = YES;
				CLANG_WARN_COMMA = YES;
				CLANG_WARN_CONSTANT_CONVERSION = YES;
				CLANG_WARN_DEPRECATED_OBJC_IMPLEMENTATIONS = YES;
				CLANG_WARN_DIRECT_OBJC_ISA_USAGE = YES_ERROR;
				CLANG_WARN_DOCUMENTATION_COMMENTS = YES;
				CLANG_WARN_EMPTY_BODY = YES;
				CLANG_WARN_ENUM_CONVERSION = YES;
				CLANG_WARN_INFINITE_RECURSION = YES;
				CLANG_WARN_INT_CONVERSION = YES;
				CLANG_WARN_NON_LITERAL_NULL_CONVERSION = YES;
				CLANG_WARN_OBJC_IMPLICIT_RETAIN_SELF = YES;
				CLANG_WARN_OBJC_LITERAL_CONVERSION = YES;
				CLANG_WARN_OBJC_ROOT_CLASS = YES_ERROR;
				CLANG_WARN_RANGE_LOOP_ANALYSIS = YES;
				CLANG_WARN_STRICT_PROTOTYPES = YES;
				CLANG_WARN_SUSPICIOUS_MOVE = YES;
				CLANG_WARN_UNGUARDED_AVAILABILITY = YES_AGGRESSIVE;
				CLANG_WARN_UNREACHABLE_CODE = YES;
				CLANG_WARN__DUPLICATE_METHOD_MATCH = YES;
				CODE_SIGN_IDENTITY = "iPhone Developer";
				COPY_PHASE_STRIP = NO;
				DEBUG_INFORMATION_FORMAT = "dwarf-with-dsym";
				ENABLE_NS_ASSERTIONS = NO;
				ENABLE_STRICT_OBJC_MSGSEND = YES;
				GCC_C_LANGUAGE_STANDARD = gnu11;
				GCC_NO_COMMON_BLOCKS = YES;
				GCC_WARN_64_TO_32_BIT_CONVERSION = YES;
				GCC_WARN_ABOUT_RETURN_TYPE = YES_ERROR;
				GCC_WARN_UNDECLARED_SELECTOR = YES;
				GCC_WARN_UNINITIALIZED_AUTOS = YES_AGGRESSIVE;
				GCC_WARN_UNUSED_FUNCTION = YES;
				GCC_WARN_UNUSED_VARIABLE = YES;
				IPHONEOS_DEPLOYMENT_TARGET = 12.1;
				MTL_ENABLE_DEBUG_INFO = NO;
				MTL_FAST_MATH = YES;
				SDKROOT = iphoneos;
				VALIDATE_PRODUCT = YES;
			};
			name = Release;
		};
		AD54DD8F2229154200861F0F /* Debug */ = {
			isa = XCBuildConfiguration;
			buildSettings = {
				ASSETCATALOG_COMPILER_COMPLICATION_NAME = Complication;
				CODE_SIGN_STYLE = Automatic;
				INFOPLIST_FILE = "bocYYwatch WatchKit Extension/Info.plist";
				LD_RUNPATH_SEARCH_PATHS = (
					"$(inherited)",
					"@executable_path/Frameworks",
					"@executable_path/../../Frameworks",
				);
				PRODUCT_BUNDLE_IDENTIFIER = boc.8159.bocYYwatch.watchkitapp.watchkitextension;
				PRODUCT_NAME = "${TARGET_NAME}";
				SDKROOT = watchos;
				SKIP_INSTALL = YES;
				TARGETED_DEVICE_FAMILY = 4;
				WATCHOS_DEPLOYMENT_TARGET = 5.1;
			};
			name = Debug;
		};
		AD54DD902229154200861F0F /* Release */ = {
			isa = XCBuildConfiguration;
			buildSettings = {
				ASSETCATALOG_COMPILER_COMPLICATION_NAME = Complication;
				CODE_SIGN_STYLE = Automatic;
				INFOPLIST_FILE = "bocYYwatch WatchKit Extension/Info.plist";
				LD_RUNPATH_SEARCH_PATHS = (
					"$(inherited)",
					"@executable_path/Frameworks",
					"@executable_path/../../Frameworks",
				);
				PRODUCT_BUNDLE_IDENTIFIER = boc.8159.bocYYwatch.watchkitapp.watchkitextension;
				PRODUCT_NAME = "${TARGET_NAME}";
				SDKROOT = watchos;
				SKIP_INSTALL = YES;
				TARGETED_DEVICE_FAMILY = 4;
				WATCHOS_DEPLOYMENT_TARGET = 5.1;
			};
			name = Release;
		};
		AD54DD932229154200861F0F /* Debug */ = {
			isa = XCBuildConfiguration;
			buildSettings = {
				ASSETCATALOG_COMPILER_APPICON_NAME = AppIcon;
				CODE_SIGN_STYLE = Automatic;
				IBSC_MODULE = bocYYwatch_WatchKit_Extension;
				INFOPLIST_FILE = "bocYYwatch WatchKit App/Info.plist";
				PRODUCT_BUNDLE_IDENTIFIER = boc.8159.bocYYwatch.watchkitapp;
				PRODUCT_NAME = "$(TARGET_NAME)";
				SDKROOT = watchos;
				SKIP_INSTALL = YES;
				TARGETED_DEVICE_FAMILY = 4;
				WATCHOS_DEPLOYMENT_TARGET = 5.1;
			};
			name = Debug;
		};
		AD54DD942229154200861F0F /* Release */ = {
			isa = XCBuildConfiguration;
			buildSettings = {
				ASSETCATALOG_COMPILER_APPICON_NAME = AppIcon;
				CODE_SIGN_STYLE = Automatic;
				IBSC_MODULE = bocYYwatch_WatchKit_Extension;
				INFOPLIST_FILE = "bocYYwatch WatchKit App/Info.plist";
				PRODUCT_BUNDLE_IDENTIFIER = boc.8159.bocYYwatch.watchkitapp;
				PRODUCT_NAME = "$(TARGET_NAME)";
				SDKROOT = watchos;
				SKIP_INSTALL = YES;
				TARGETED_DEVICE_FAMILY = 4;
				WATCHOS_DEPLOYMENT_TARGET = 5.1;
			};
			name = Release;
		};
		AD54DD972229154200861F0F /* Debug */ = {
			isa = XCBuildConfiguration;
			buildSettings = {
				ASSETCATALOG_COMPILER_APPICON_NAME = AppIcon;
				CODE_SIGN_STYLE = Automatic;
				INFOPLIST_FILE = bocYYwatch/Info.plist;
				LD_RUNPATH_SEARCH_PATHS = (
					"$(inherited)",
					"@executable_path/Frameworks",
				);
				PRODUCT_BUNDLE_IDENTIFIER = boc.8159.bocYYwatch;
				PRODUCT_NAME = "$(TARGET_NAME)";
				TARGETED_DEVICE_FAMILY = "1,2";
			};
			name = Debug;
		};
		AD54DD982229154200861F0F /* Release */ = {
			isa = XCBuildConfiguration;
			buildSettings = {
				ASSETCATALOG_COMPILER_APPICON_NAME = AppIcon;
				CODE_SIGN_STYLE = Automatic;
				INFOPLIST_FILE = bocYYwatch/Info.plist;
				LD_RUNPATH_SEARCH_PATHS = (
					"$(inherited)",
					"@executable_path/Frameworks",
				);
				PRODUCT_BUNDLE_IDENTIFIER = boc.8159.bocYYwatch;
				PRODUCT_NAME = "$(TARGET_NAME)";
				TARGETED_DEVICE_FAMILY = "1,2";
			};
			name = Release;
		};
/* End XCBuildConfiguration section */

/* Begin XCConfigurationList section */
		AD54DD4D2229153C00861F0F /* Build configuration list for PBXProject "bocYYwatch" */ = {
			isa = XCConfigurationList;
			buildConfigurations = (
				AD54DD8C2229154200861F0F /* Debug */,
				AD54DD8D2229154200861F0F /* Release */,
			);
			defaultConfigurationIsVisible = 0;
			defaultConfigurationName = Release;
		};
		AD54DD8E2229154200861F0F /* Build configuration list for PBXNativeTarget "bocYYwatch WatchKit Extension" */ = {
			isa = XCConfigurationList;
			buildConfigurations = (
				AD54DD8F2229154200861F0F /* Debug */,
				AD54DD902229154200861F0F /* Release */,
			);
			defaultConfigurationIsVisible = 0;
			defaultConfigurationName = Release;
		};
		AD54DD922229154200861F0F /* Build configuration list for PBXNativeTarget "bocYYwatch WatchKit App" */ = {
			isa = XCConfigurationList;
			buildConfigurations = (
				AD54DD932229154200861F0F /* Debug */,
				AD54DD942229154200861F0F /* Release */,
			);
			defaultConfigurationIsVisible = 0;
			defaultConfigurationName = Release;
		};
		AD54DD962229154200861F0F /* Build configuration list for PBXNativeTarget "bocYYwatch" */ = {
			isa = XCConfigurationList;
			buildConfigurations = (
				AD54DD972229154200861F0F /* Debug */,
				AD54DD982229154200861F0F /* Release */,
			);
			defaultConfigurationIsVisible = 0;
			defaultConfigurationName = Release;
		};
/* End XCConfigurationList section */
	};
	rootObject = AD54DD4A2229153C00861F0F /* Project object */;
}
